
Microsoft Visual Studio Solution File, Format Version 12.00
# Visual Studio 14
VisualStudioVersion = 14.0.25123.0
MinimumVisualStudioVersion = 10.0.40219.1
Project("{99D66BCB-BFE1-423A-8226-685A3582C7A7}") = "Sitecore.Support.129513.223461", "Sitecore.Support.129513.223461\Sitecore.Support.129513.223461.csproj", "{D1AC8007-D4A2-4867-9161-0D60DD544015}"
EndProject
Global
	GlobalSection(SolutionConfigurationPlatforms) = preSolution
		Debug|Any CPU = Debug|Any CPU
		Release|Any CPU = Release|Any CPU
	EndGlobalSection
	GlobalSection(ProjectConfigurationPlatforms) = postSolution
		{D1AC8007-D4A2-4867-9161-0D60DD544015}.Debug|Any CPU.ActiveCfg = Debug|Any CPU
		{D1AC8007-D4A2-4867-9161-0D60DD544015}.Debug|Any CPU.Build.0 = Debug|Any CPU
		{D1AC8007-D4A2-4867-9161-0D60DD544015}.Release|Any CPU.ActiveCfg = Release|Any CPU
		{D1AC8007-D4A2-4867-9161-0D60DD544015}.Release|Any CPU.Build.0 = Release|Any CPU
	EndGlobalSection
	GlobalSection(SolutionProperties) = preSolution
		HideSolutionNode = FALSE
	EndGlobalSection
EndGlobal
