
Microsoft Visual Studio Solution File, Format Version 12.00
# Visual Studio 14
VisualStudioVersion = 14.0.25123.0
MinimumVisualStudioVersion = 10.0.40219.1
Project("{1EBBC6CC-7F7D-48EB-BD09-22AE533C78A4}") = "Sitecore.Support.129513.223461", "Sitecore.Support.129513.223461\Sitecore.Support.129513.223461.csproj", "{850AC62D-B453-414B-B0C1-064EFC51DF05}"
EndProject
Global
	GlobalSection(SolutionConfigurationPlatforms) = preSolution
		Debug|Any CPU = Debug|Any CPU
		Release|Any CPU = Release|Any CPU
	EndGlobalSection
	GlobalSection(ProjectConfigurationPlatforms) = postSolution
		{850AC62D-B453-414B-B0C1-064EFC51DF05}.Debug|Any CPU.ActiveCfg = Debug|Any CPU
		{850AC62D-B453-414B-B0C1-064EFC51DF05}.Debug|Any CPU.Build.0 = Debug|Any CPU
		{850AC62D-B453-414B-B0C1-064EFC51DF05}.Release|Any CPU.ActiveCfg = Release|Any CPU
		{850AC62D-B453-414B-B0C1-064EFC51DF05}.Release|Any CPU.Build.0 = Release|Any CPU
	EndGlobalSection
	GlobalSection(SolutionProperties) = preSolution
		HideSolutionNode = FALSE
	EndGlobalSection
EndGlobal
